// !$*UTF8*$!
{
	archiveVersion = 1;
	classes = {
	};
	objectVersion = 46;
	objects = {

/* Begin PBXBuildFile section */
		372D0C7E1B04339D00A19E8D /* main.m in Sources */ = {isa = PBXBuildFile; fileRef = 372D0C7D1B04339D00A19E8D /* main.m */; };
		372D0C811B04339D00A19E8D /* AppDelegate.m in Sources */ = {isa = PBXBuildFile; fileRef = 372D0C801B04339D00A19E8D /* AppDelegate.m */; };
		372D0C841B04339D00A19E8D /* ViewController.m in Sources */ = {isa = PBXBuildFile; fileRef = 372D0C831B04339D00A19E8D /* ViewController.m */; };
		372D0C871B04339D00A19E8D /* Main.storyboard in Resources */ = {isa = PBXBuildFile; fileRef = 372D0C851B04339D00A19E8D /* Main.storyboard */; };
		372D0C891B04339D00A19E8D /* Images.xcassets in Resources */ = {isa = PBXBuildFile; fileRef = 372D0C881B04339D00A19E8D /* Images.xcassets */; };
		372D0C8C1B04339D00A19E8D /* LaunchScreen.xib in Resources */ = {isa = PBXBuildFile; fileRef = 372D0C8A1B04339D00A19E8D /* LaunchScreen.xib */; };
		372D0C981B04339D00A19E8D /* touchIDDemoTests.m in Sources */ = {isa = PBXBuildFile; fileRef = 372D0C971B04339D00A19E8D /* touchIDDemoTests.m */; };
		372D0CA31B043A9A00A19E8D /* ZCTools.m in Sources */ = {isa = PBXBuildFile; fileRef = 372D0CA21B043A9A00A19E8D /* ZCTools.m */; };
		372D0CAA1B0497C100A19E8D /* ZCFaceDetectModel.m in Sources */ = {isa = PBXBuildFile; fileRef = 372D0CA91B0497C100A19E8D /* ZCFaceDetectModel.m */; };
		372D0CCA1B04B48D00A19E8D /* 0.jpg in Resources */ = {isa = PBXBuildFile; fileRef = 372D0CAC1B04B48D00A19E8D /* 0.jpg */; };
		372D0CCB1B04B48D00A19E8D /* 1.jpg in Resources */ = {isa = PBXBuildFile; fileRef = 372D0CAD1B04B48D00A19E8D /* 1.jpg */; };
		372D0CCC1B04B48D00A19E8D /* 10.jpg in Resources */ = {isa = PBXBuildFile; fileRef = 372D0CAE1B04B48D00A19E8D /* 10.jpg */; };
		372D0CCD1B04B48D00A19E8D /* 11.jpg in Resources */ = {isa = PBXBuildFile; fileRef = 372D0CAF1B04B48D00A19E8D /* 11.jpg */; };
		372D0CCE1B04B48D00A19E8D /* 12.jpg in Resources */ = {isa = PBXBuildFile; fileRef = 372D0CB01B04B48D00A19E8D /* 12.jpg */; };
		372D0CCF1B04B48D00A19E8D /* 13.jpg in Resources */ = {isa = PBXBuildFile; fileRef = 372D0CB11B04B48D00A19E8D /* 13.jpg */; };
		372D0CD01B04B48D00A19E8D /* 14.jpg in Resources */ = {isa = PBXBuildFile; fileRef = 372D0CB21B04B48D00A19E8D /* 14.jpg */; };
		372D0CD11B04B48D00A19E8D /* 15.jpg in Resources */ = {isa = PBXBuildFile; fileRef = 372D0CB31B04B48D00A19E8D /* 15.jpg */; };
		372D0CD21B04B48D00A19E8D /* 16.jpg in Resources */ = {isa = PBXBuildFile; fileRef = 372D0CB41B04B48D00A19E8D /* 16.jpg */; };
		372D0CD31B04B48D00A19E8D /* 17.jpg in Resources */ = {isa = PBXBuildFile; fileRef = 372D0CB51B04B48D00A19E8D /* 17.jpg */; };
		372D0CD41B04B48D00A19E8D /* 18.jpg in Resources */ = {isa = PBXBuildFile; fileRef = 372D0CB61B04B48D00A19E8D /* 18.jpg */; };
		372D0CD51B04B48D00A19E8D /* 19.jpg in Resources */ = {isa = PBXBuildFile; fileRef = 372D0CB71B04B48D00A19E8D /* 19.jpg */; };
		372D0CD61B04B48D00A19E8D /* 2.jpg in Resources */ = {isa = PBXBuildFile; fileRef = 372D0CB81B04B48D00A19E8D /* 2.jpg */; };
		372D0CD71B04B48D00A19E8D /* 20.jpg in Resources */ = {isa = PBXBuildFile; fileRef = 372D0CB91B04B48D00A19E8D /* 20.jpg */; };
		372D0CD81B04B48D00A19E8D /* 21.jpg in Resources */ = {isa = PBXBuildFile; fileRef = 372D0CBA1B04B48D00A19E8D /* 21.jpg */; };
		372D0CD91B04B48D00A19E8D /* 22.jpg in Resources */ = {isa = PBXBuildFile; fileRef = 372D0CBB1B04B48D00A19E8D /* 22.jpg */; };
		372D0CDA1B04B48D00A19E8D /* 23.jpg in Resources */ = {isa = PBXBuildFile; fileRef = 372D0CBC1B04B48D00A19E8D /* 23.jpg */; };
		372D0CDB1B04B48D00A19E8D /* 24.jpg in Resources */ = {isa = PBXBuildFile; fileRef = 372D0CBD1B04B48D00A19E8D /* 24.jpg */; };
		372D0CDC1B04B48D00A19E8D /* 25.jpg in Resources */ = {isa = PBXBuildFile; fileRef = 372D0CBE1B04B48D00A19E8D /* 25.jpg */; };
		372D0CDD1B04B48D00A19E8D /* 26.jpg in Resources */ = {isa = PBXBuildFile; fileRef = 372D0CBF1B04B48D00A19E8D /* 26.jpg */; };
		372D0CDE1B04B48D00A19E8D /* 27.jpg in Resources */ = {isa = PBXBuildFile; fileRef = 372D0CC01B04B48D00A19E8D /* 27.jpg */; };
		372D0CDF1B04B48D00A19E8D /* 28.jpg in Resources */ = {isa = PBXBuildFile; fileRef = 372D0CC11B04B48D00A19E8D /* 28.jpg */; };
		372D0CE01B04B48D00A19E8D /* 29.jpg in Resources */ = {isa = PBXBuildFile; fileRef = 372D0CC21B04B48D00A19E8D /* 29.jpg */; };
		372D0CE11B04B48D00A19E8D /* 3.jpg in Resources */ = {isa = PBXBuildFile; fileRef = 372D0CC31B04B48D00A19E8D /* 3.jpg */; };
		372D0CE21B04B48D00A19E8D /* 4.jpg in Resources */ = {isa = PBXBuildFile; fileRef = 372D0CC41B04B48D00A19E8D /* 4.jpg */; };
		372D0CE31B04B48D00A19E8D /* 5.jpg in Resources */ = {isa = PBXBuildFile; fileRef = 372D0CC51B04B48D00A19E8D /* 5.jpg */; };
		372D0CE41B04B48D00A19E8D /* 6.jpg in Resources */ = {isa = PBXBuildFile; fileRef = 372D0CC61B04B48D00A19E8D /* 6.jpg */; };
		372D0CE51B04B48D00A19E8D /* 7.jpg in Resources */ = {isa = PBXBuildFile; fileRef = 372D0CC71B04B48D00A19E8D /* 7.jpg */; };
		372D0CE61B04B48D00A19E8D /* 8.jpg in Resources */ = {isa = PBXBuildFile; fileRef = 372D0CC81B04B48D00A19E8D /* 8.jpg */; };
		372D0CE71B04B48D00A19E8D /* 9.jpg in Resources */ = {isa = PBXBuildFile; fileRef = 372D0CC91B04B48D00A19E8D /* 9.jpg */; };
/* End PBXBuildFile section */

/* Begin PBXContainerItemProxy section */
		372D0C921B04339D00A19E8D /* PBXContainerItemProxy */ = {
			isa = PBXContainerItemProxy;
			containerPortal = 372D0C701B04339D00A19E8D /* Project object */;
			proxyType = 1;
			remoteGlobalIDString = 372D0C771B04339D00A19E8D;
			remoteInfo = touchIDDemo;
		};
/* End PBXContainerItemProxy section */

/* Begin PBXFileReference section */
		372D0C781B04339D00A19E8D /* touchIDDemo.app */ = {isa = PBXFileReference; explicitFileType = wrapper.application; includeInIndex = 0; path = touchIDDemo.app; sourceTree = BUILT_PRODUCTS_DIR; };
		372D0C7C1B04339D00A19E8D /* Info.plist */ = {isa = PBXFileReference; lastKnownFileType = text.plist.xml; path = Info.plist; sourceTree = "<group>"; };
		372D0C7D1B04339D00A19E8D /* main.m */ = {isa = PBXFileReference; lastKnownFileType = sourcecode.c.objc; path = main.m; sourceTree = "<group>"; };
		372D0C7F1B04339D00A19E8D /* AppDelegate.h */ = {isa = PBXFileReference; lastKnownFileType = sourcecode.c.h; path = AppDelegate.h; sourceTree = "<group>"; };
		372D0C801B04339D00A19E8D /* AppDelegate.m */ = {isa = PBXFileReference; lastKnownFileType = sourcecode.c.objc; path = AppDelegate.m; sourceTree = "<group>"; };
		372D0C821B04339D00A19E8D /* ViewController.h */ = {isa = PBXFileReference; lastKnownFileType = sourcecode.c.h; path = ViewController.h; sourceTree = "<group>"; };
		372D0C831B04339D00A19E8D /* ViewController.m */ = {isa = PBXFileReference; lastKnownFileType = sourcecode.c.objc; path = ViewController.m; sourceTree = "<group>"; };
		372D0C861B04339D00A19E8D /* Base */ = {isa = PBXFileReference; lastKnownFileType = file.storyboard; name = Base; path = Base.lproj/Main.storyboard; sourceTree = "<group>"; };
		372D0C881B04339D00A19E8D /* Images.xcassets */ = {isa = PBXFileReference; lastKnownFileType = folder.assetcatalog; path = Images.xcassets; sourceTree = "<group>"; };
		372D0C8B1B04339D00A19E8D /* Base */ = {isa = PBXFileReference; lastKnownFileType = file.xib; name = Base; path = Base.lproj/LaunchScreen.xib; sourceTree = "<group>"; };
		372D0C911B04339D00A19E8D /* touchIDDemoTests.xctest */ = {isa = PBXFileReference; explicitFileType = wrapper.cfbundle; includeInIndex = 0; path = touchIDDemoTests.xctest; sourceTree = BUILT_PRODUCTS_DIR; };
		372D0C961B04339D00A19E8D /* Info.plist */ = {isa = PBXFileReference; lastKnownFileType = text.plist.xml; path = Info.plist; sourceTree = "<group>"; };
		372D0C971B04339D00A19E8D /* touchIDDemoTests.m */ = {isa = PBXFileReference; lastKnownFileType = sourcecode.c.objc; path = touchIDDemoTests.m; sourceTree = "<group>"; };
		372D0CA11B043A9A00A19E8D /* ZCTools.h */ = {isa = PBXFileReference; fileEncoding = 4; lastKnownFileType = sourcecode.c.h; path = ZCTools.h; sourceTree = "<group>"; };
		372D0CA21B043A9A00A19E8D /* ZCTools.m */ = {isa = PBXFileReference; fileEncoding = 4; lastKnownFileType = sourcecode.c.objc; path = ZCTools.m; sourceTree = "<group>"; };
		372D0CA81B0497C100A19E8D /* ZCFaceDetectModel.h */ = {isa = PBXFileReference; fileEncoding = 4; lastKnownFileType = sourcecode.c.h; path = ZCFaceDetectModel.h; sourceTree = "<group>"; };
		372D0CA91B0497C100A19E8D /* ZCFaceDetectModel.m */ = {isa = PBXFileReference; fileEncoding = 4; lastKnownFileType = sourcecode.c.objc; path = ZCFaceDetectModel.m; sourceTree = "<group>"; };
		372D0CAC1B04B48D00A19E8D /* 0.jpg */ = {isa = PBXFileReference; lastKnownFileType = image.jpeg; path = 0.jpg; sourceTree = "<group>"; };
		372D0CAD1B04B48D00A19E8D /* 1.jpg */ = {isa = PBXFileReference; lastKnownFileType = image.jpeg; path = 1.jpg; sourceTree = "<group>"; };
		372D0CAE1B04B48D00A19E8D /* 10.jpg */ = {isa = PBXFileReference; lastKnownFileType = image.jpeg; path = 10.jpg; sourceTree = "<group>"; };
		372D0CAF1B04B48D00A19E8D /* 11.jpg */ = {isa = PBXFileReference; lastKnownFileType = image.jpeg; path = 11.jpg; sourceTree = "<group>"; };
		372D0CB01B04B48D00A19E8D /* 12.jpg */ = {isa = PBXFileReference; lastKnownFileType = image.jpeg; path = 12.jpg; sourceTree = "<group>"; };
		372D0CB11B04B48D00A19E8D /* 13.jpg */ = {isa = PBXFileReference; lastKnownFileType = image.jpeg; path = 13.jpg; sourceTree = "<group>"; };
		372D0CB21B04B48D00A19E8D /* 14.jpg */ = {isa = PBXFileReference; lastKnownFileType = image.jpeg; path = 14.jpg; sourceTree = "<group>"; };
		372D0CB31B04B48D00A19E8D /* 15.jpg */ = {isa = PBXFileReference; lastKnownFileType = image.jpeg; path = 15.jpg; sourceTree = "<group>"; };
		372D0CB41B04B48D00A19E8D /* 16.jpg */ = {isa = PBXFileReference; lastKnownFileType = image.jpeg; path = 16.jpg; sourceTree = "<group>"; };
		372D0CB51B04B48D00A19E8D /* 17.jpg */ = {isa = PBXFileReference; lastKnownFileType = image.jpeg; path = 17.jpg; sourceTree = "<group>"; };
		372D0CB61B04B48D00A19E8D /* 18.jpg */ = {isa = PBXFileReference; lastKnownFileType = image.jpeg; path = 18.jpg; sourceTree = "<group>"; };
		372D0CB71B04B48D00A19E8D /* 19.jpg */ = {isa = PBXFileReference; lastKnownFileType = image.jpeg; path = 19.jpg; sourceTree = "<group>"; };
		372D0CB81B04B48D00A19E8D /* 2.jpg */ = {isa = PBXFileReference; lastKnownFileType = image.jpeg; path = 2.jpg; sourceTree = "<group>"; };
		372D0CB91B04B48D00A19E8D /* 20.jpg */ = {isa = PBXFileReference; lastKnownFileType = image.jpeg; path = 20.jpg; sourceTree = "<group>"; };
		372D0CBA1B04B48D00A19E8D /* 21.jpg */ = {isa = PBXFileReference; lastKnownFileType = image.jpeg; path = 21.jpg; sourceTree = "<group>"; };
		372D0CBB1B04B48D00A19E8D /* 22.jpg */ = {isa = PBXFileReference; lastKnownFileType = image.jpeg; path = 22.jpg; sourceTree = "<group>"; };
		372D0CBC1B04B48D00A19E8D /* 23.jpg */ = {isa = PBXFileReference; lastKnownFileType = image.jpeg; path = 23.jpg; sourceTree = "<group>"; };
		372D0CBD1B04B48D00A19E8D /* 24.jpg */ = {isa = PBXFileReference; lastKnownFileType = image.jpeg; path = 24.jpg; sourceTree = "<group>"; };
		372D0CBE1B04B48D00A19E8D /* 25.jpg */ = {isa = PBXFileReference; lastKnownFileType = image.jpeg; path = 25.jpg; sourceTree = "<group>"; };
		372D0CBF1B04B48D00A19E8D /* 26.jpg */ = {isa = PBXFileReference; lastKnownFileType = image.jpeg; path = 26.jpg; sourceTree = "<group>"; };
		372D0CC01B04B48D00A19E8D /* 27.jpg */ = {isa = PBXFileReference; lastKnownFileType = image.jpeg; path = 27.jpg; sourceTree = "<group>"; };
		372D0CC11B04B48D00A19E8D /* 28.jpg */ = {isa = PBXFileReference; lastKnownFileType = image.jpeg; path = 28.jpg; sourceTree = "<group>"; };
		372D0CC21B04B48D00A19E8D /* 29.jpg */ = {isa = PBXFileReference; lastKnownFileType = image.jpeg; path = 29.jpg; sourceTree = "<group>"; };
		372D0CC31B04B48D00A19E8D /* 3.jpg */ = {isa = PBXFileReference; lastKnownFileType = image.jpeg; path = 3.jpg; sourceTree = "<group>"; };
		372D0CC41B04B48D00A19E8D /* 4.jpg */ = {isa = PBXFileReference; lastKnownFileType = image.jpeg; path = 4.jpg; sourceTree = "<group>"; };
		372D0CC51B04B48D00A19E8D /* 5.jpg */ = {isa = PBXFileReference; lastKnownFileType = image.jpeg; path = 5.jpg; sourceTree = "<group>"; };
		372D0CC61B04B48D00A19E8D /* 6.jpg */ = {isa = PBXFileReference; lastKnownFileType = image.jpeg; path = 6.jpg; sourceTree = "<group>"; };
		372D0CC71B04B48D00A19E8D /* 7.jpg */ = {isa = PBXFileReference; lastKnownFileType = image.jpeg; path = 7.jpg; sourceTree = "<group>"; };
		372D0CC81B04B48D00A19E8D /* 8.jpg */ = {isa = PBXFileReference; lastKnownFileType = image.jpeg; path = 8.jpg; sourceTree = "<group>"; };
		372D0CC91B04B48D00A19E8D /* 9.jpg */ = {isa = PBXFileReference; lastKnownFileType = image.jpeg; path = 9.jpg; sourceTree = "<group>"; };
/* End PBXFileReference section */

/* Begin PBXFrameworksBuildPhase section */
		372D0C751B04339D00A19E8D /* Frameworks */ = {
			isa = PBXFrameworksBuildPhase;
			buildActionMask = 2147483647;
			files = (
			);
			runOnlyForDeploymentPostprocessing = 0;
		};
		372D0C8E1B04339D00A19E8D /* Frameworks */ = {
			isa = PBXFrameworksBuildPhase;
			buildActionMask = 2147483647;
			files = (
			);
			runOnlyForDeploymentPostprocessing = 0;
		};
/* End PBXFrameworksBuildPhase section */

/* Begin PBXGroup section */
		372D0C6F1B04339D00A19E8D = {
			isa = PBXGroup;
			children = (
				372D0C7A1B04339D00A19E8D /* touchIDDemo */,
				372D0C941B04339D00A19E8D /* touchIDDemoTests */,
				372D0C791B04339D00A19E8D /* Products */,
			);
			sourceTree = "<group>";
		};
		372D0C791B04339D00A19E8D /* Products */ = {
			isa = PBXGroup;
			children = (
				372D0C781B04339D00A19E8D /* touchIDDemo.app */,
				372D0C911B04339D00A19E8D /* touchIDDemoTests.xctest */,
			);
			name = Products;
			sourceTree = "<group>";
		};
		372D0C7A1B04339D00A19E8D /* touchIDDemo */ = {
			isa = PBXGroup;
			children = (
				372D0CAB1B04B48D00A19E8D /* 美女 */,
				372D0C7F1B04339D00A19E8D /* AppDelegate.h */,
				372D0C801B04339D00A19E8D /* AppDelegate.m */,
				372D0C821B04339D00A19E8D /* ViewController.h */,
				372D0C831B04339D00A19E8D /* ViewController.m */,
				372D0CA81B0497C100A19E8D /* ZCFaceDetectModel.h */,
				372D0CA91B0497C100A19E8D /* ZCFaceDetectModel.m */,
				372D0CA11B043A9A00A19E8D /* ZCTools.h */,
				372D0CA21B043A9A00A19E8D /* ZCTools.m */,
				372D0C851B04339D00A19E8D /* Main.storyboard */,
				372D0C881B04339D00A19E8D /* Images.xcassets */,
				372D0C8A1B04339D00A19E8D /* LaunchScreen.xib */,
				372D0C7B1B04339D00A19E8D /* Supporting Files */,
			);
			path = touchIDDemo;
			sourceTree = "<group>";
		};
		372D0C7B1B04339D00A19E8D /* Supporting Files */ = {
			isa = PBXGroup;
			children = (
				372D0C7C1B04339D00A19E8D /* Info.plist */,
				372D0C7D1B04339D00A19E8D /* main.m */,
			);
			name = "Supporting Files";
			sourceTree = "<group>";
		};
		372D0C941B04339D00A19E8D /* touchIDDemoTests */ = {
			isa = PBXGroup;
			children = (
				372D0C971B04339D00A19E8D /* touchIDDemoTests.m */,
				372D0C951B04339D00A19E8D /* Supporting Files */,
			);
			path = touchIDDemoTests;
			sourceTree = "<group>";
		};
		372D0C951B04339D00A19E8D /* Supporting Files */ = {
			isa = PBXGroup;
			children = (
				372D0C961B04339D00A19E8D /* Info.plist */,
			);
			name = "Supporting Files";
			sourceTree = "<group>";
		};
		372D0CAB1B04B48D00A19E8D /* 美女 */ = {
			isa = PBXGroup;
			children = (
				372D0CAC1B04B48D00A19E8D /* 0.jpg */,
				372D0CAD1B04B48D00A19E8D /* 1.jpg */,
				372D0CAE1B04B48D00A19E8D /* 10.jpg */,
				372D0CAF1B04B48D00A19E8D /* 11.jpg */,
				372D0CB01B04B48D00A19E8D /* 12.jpg */,
				372D0CB11B04B48D00A19E8D /* 13.jpg */,
				372D0CB21B04B48D00A19E8D /* 14.jpg */,
				372D0CB31B04B48D00A19E8D /* 15.jpg */,
				372D0CB41B04B48D00A19E8D /* 16.jpg */,
				372D0CB51B04B48D00A19E8D /* 17.jpg */,
				372D0CB61B04B48D00A19E8D /* 18.jpg */,
				372D0CB71B04B48D00A19E8D /* 19.jpg */,
				372D0CB81B04B48D00A19E8D /* 2.jpg */,
				372D0CB91B04B48D00A19E8D /* 20.jpg */,
				372D0CBA1B04B48D00A19E8D /* 21.jpg */,
				372D0CBB1B04B48D00A19E8D /* 22.jpg */,
				372D0CBC1B04B48D00A19E8D /* 23.jpg */,
				372D0CBD1B04B48D00A19E8D /* 24.jpg */,
				372D0CBE1B04B48D00A19E8D /* 25.jpg */,
				372D0CBF1B04B48D00A19E8D /* 26.jpg */,
				372D0CC01B04B48D00A19E8D /* 27.jpg */,
				372D0CC11B04B48D00A19E8D /* 28.jpg */,
				372D0CC21B04B48D00A19E8D /* 29.jpg */,
				372D0CC31B04B48D00A19E8D /* 3.jpg */,
				372D0CC41B04B48D00A19E8D /* 4.jpg */,
				372D0CC51B04B48D00A19E8D /* 5.jpg */,
				372D0CC61B04B48D00A19E8D /* 6.jpg */,
				372D0CC71B04B48D00A19E8D /* 7.jpg */,
				372D0CC81B04B48D00A19E8D /* 8.jpg */,
				372D0CC91B04B48D00A19E8D /* 9.jpg */,
			);
			path = "美女";
			sourceTree = "<group>";
		};
/* End PBXGroup section */

/* Begin PBXNativeTarget section */
		372D0C771B04339D00A19E8D /* touchIDDemo */ = {
			isa = PBXNativeTarget;
			buildConfigurationList = 372D0C9B1B04339D00A19E8D /* Build configuration list for PBXNativeTarget "touchIDDemo" */;
			buildPhases = (
				372D0C741B04339D00A19E8D /* Sources */,
				372D0C751B04339D00A19E8D /* Frameworks */,
				372D0C761B04339D00A19E8D /* Resources */,
			);
			buildRules = (
			);
			dependencies = (
			);
			name = touchIDDemo;
			productName = touchIDDemo;
			productReference = 372D0C781B04339D00A19E8D /* touchIDDemo.app */;
			productType = "com.apple.product-type.application";
		};
		372D0C901B04339D00A19E8D /* touchIDDemoTests */ = {
			isa = PBXNativeTarget;
			buildConfigurationList = 372D0C9E1B04339D00A19E8D /* Build configuration list for PBXNativeTarget "touchIDDemoTests" */;
			buildPhases = (
				372D0C8D1B04339D00A19E8D /* Sources */,
				372D0C8E1B04339D00A19E8D /* Frameworks */,
				372D0C8F1B04339D00A19E8D /* Resources */,
			);
			buildRules = (
			);
			dependencies = (
				372D0C931B04339D00A19E8D /* PBXTargetDependency */,
			);
			name = touchIDDemoTests;
			productName = touchIDDemoTests;
			productReference = 372D0C911B04339D00A19E8D /* touchIDDemoTests.xctest */;
			productType = "com.apple.product-type.bundle.unit-test";
		};
/* End PBXNativeTarget section */

/* Begin PBXProject section */
		372D0C701B04339D00A19E8D /* Project object */ = {
			isa = PBXProject;
			attributes = {
				LastUpgradeCheck = 0610;
				ORGANIZATIONNAME = zhangcheng;
				TargetAttributes = {
					372D0C771B04339D00A19E8D = {
						CreatedOnToolsVersion = 6.1;
					};
					372D0C901B04339D00A19E8D = {
						CreatedOnToolsVersion = 6.1;
						TestTargetID = 372D0C771B04339D00A19E8D;
					};
				};
			};
			buildConfigurationList = 372D0C731B04339D00A19E8D /* Build configuration list for PBXProject "touchIDDemo" */;
			compatibilityVersion = "Xcode 3.2";
			developmentRegion = English;
			hasScannedForEncodings = 0;
			knownRegions = (
				en,
				Base,
			);
			mainGroup = 372D0C6F1B04339D00A19E8D;
			productRefGroup = 372D0C791B04339D00A19E8D /* Products */;
			projectDirPath = "";
			projectRoot = "";
			targets = (
				372D0C771B04339D00A19E8D /* touchIDDemo */,
				372D0C901B04339D00A19E8D /* touchIDDemoTests */,
			);
		};
/* End PBXProject section */

/* Begin PBXResourcesBuildPhase section */
		372D0C761B04339D00A19E8D /* Resources */ = {
			isa = PBXResourcesBuildPhase;
			buildActionMask = 2147483647;
			files = (
				372D0CE71B04B48D00A19E8D /* 9.jpg in Resources */,
				372D0CE01B04B48D00A19E8D /* 29.jpg in Resources */,
				372D0CDF1B04B48D00A19E8D /* 28.jpg in Resources */,
				372D0CD91B04B48D00A19E8D /* 22.jpg in Resources */,
				372D0CD31B04B48D00A19E8D /* 17.jpg in Resources */,
				372D0CD01B04B48D00A19E8D /* 14.jpg in Resources */,
				372D0CD71B04B48D00A19E8D /* 20.jpg in Resources */,
				372D0CCE1B04B48D00A19E8D /* 12.jpg in Resources */,
				372D0CCF1B04B48D00A19E8D /* 13.jpg in Resources */,
				372D0CE21B04B48D00A19E8D /* 4.jpg in Resources */,
				372D0CCA1B04B48D00A19E8D /* 0.jpg in Resources */,
				372D0CE11B04B48D00A19E8D /* 3.jpg in Resources */,
				372D0CD21B04B48D00A19E8D /* 16.jpg in Resources */,
				372D0CE61B04B48D00A19E8D /* 8.jpg in Resources */,
				372D0CD61B04B48D00A19E8D /* 2.jpg in Resources */,
				372D0C871B04339D00A19E8D /* Main.storyboard in Resources */,
				372D0CDA1B04B48D00A19E8D /* 23.jpg in Resources */,
				372D0C8C1B04339D00A19E8D /* LaunchScreen.xib in Resources */,
				372D0CE51B04B48D00A19E8D /* 7.jpg in Resources */,
				372D0C891B04339D00A19E8D /* Images.xcassets in Resources */,
				372D0CCC1B04B48D00A19E8D /* 10.jpg in Resources */,
				372D0CD51B04B48D00A19E8D /* 19.jpg in Resources */,
				372D0CE31B04B48D00A19E8D /* 5.jpg in Resources */,
				372D0CCD1B04B48D00A19E8D /* 11.jpg in Resources */,
				372D0CDB1B04B48D00A19E8D /* 24.jpg in Resources */,
				372D0CCB1B04B48D00A19E8D /* 1.jpg in Resources */,
				372D0CD41B04B48D00A19E8D /* 18.jpg in Resources */,
				372D0CE41B04B48D00A19E8D /* 6.jpg in Resources */,
				372D0CD81B04B48D00A19E8D /* 21.jpg in Resources */,
				372D0CDC1B04B48D00A19E8D /* 25.jpg in Resources */,
				372D0CD11B04B48D00A19E8D /* 15.jpg in Resources */,
				372D0CDE1B04B48D00A19E8D /* 27.jpg in Resources */,
				372D0CDD1B04B48D00A19E8D /* 26.jpg in Resources */,
			);
			runOnlyForDeploymentPostprocessing = 0;
		};
		372D0C8F1B04339D00A19E8D /* Resources */ = {
			isa = PBXResourcesBuildPhase;
			buildActionMask = 2147483647;
			files = (
			);
			runOnlyForDeploymentPostprocessing = 0;
		};
/* End PBXResourcesBuildPhase section */

/* Begin PBXSourcesBuildPhase section */
		372D0C741B04339D00A19E8D /* Sources */ = {
			isa = PBXSourcesBuildPhase;
			buildActionMask = 2147483647;
			files = (
				372D0C841B04339D00A19E8D /* ViewController.m in Sources */,
				372D0C811B04339D00A19E8D /* AppDelegate.m in Sources */,
				372D0CA31B043A9A00A19E8D /* ZCTools.m in Sources */,
				372D0C7E1B04339D00A19E8D /* main.m in Sources */,
				372D0CAA1B0497C100A19E8D /* ZCFaceDetectModel.m in Sources */,
			);
			runOnlyForDeploymentPostprocessing = 0;
		};
		372D0C8D1B04339D00A19E8D /* Sources */ = {
			isa = PBXSourcesBuildPhase;
			buildActionMask = 2147483647;
			files = (
				372D0C981B04339D00A19E8D /* touchIDDemoTests.m in Sources */,
			);
			runOnlyForDeploymentPostprocessing = 0;
		};
/* End PBXSourcesBuildPhase section */

/* Begin PBXTargetDependency section */
		372D0C931B04339D00A19E8D /* PBXTargetDependency */ = {
			isa = PBXTargetDependency;
			target = 372D0C771B04339D00A19E8D /* touchIDDemo */;
			targetProxy = 372D0C921B04339D00A19E8D /* PBXContainerItemProxy */;
		};
/* End PBXTargetDependency section */

/* Begin PBXVariantGroup section */
		372D0C851B04339D00A19E8D /* Main.storyboard */ = {
			isa = PBXVariantGroup;
			children = (
				372D0C861B04339D00A19E8D /* Base */,
			);
			name = Main.storyboard;
			sourceTree = "<group>";
		};
		372D0C8A1B04339D00A19E8D /* LaunchScreen.xib */ = {
			isa = PBXVariantGroup;
			children = (
				372D0C8B1B04339D00A19E8D /* Base */,
			);
			name = LaunchScreen.xib;
			sourceTree = "<group>";
		};
/* End PBXVariantGroup section */

/* Begin XCBuildConfiguration section */
		372D0C991B04339D00A19E8D /* Debug */ = {
			isa = XCBuildConfiguration;
			buildSettings = {
				ALWAYS_SEARCH_USER_PATHS = NO;
				CLANG_CXX_LANGUAGE_STANDARD = "gnu++0x";
				CLANG_CXX_LIBRARY = "libc++";
				CLANG_ENABLE_MODULES = YES;
				CLANG_ENABLE_OBJC_ARC = YES;
				CLANG_WARN_BOOL_CONVERSION = YES;
				CLANG_WARN_CONSTANT_CONVERSION = YES;
				CLANG_WARN_DIRECT_OBJC_ISA_USAGE = YES_ERROR;
				CLANG_WARN_EMPTY_BODY = YES;
				CLANG_WARN_ENUM_CONVERSION = YES;
				CLANG_WARN_INT_CONVERSION = YES;
				CLANG_WARN_OBJC_ROOT_CLASS = YES_ERROR;
				CLANG_WARN_UNREACHABLE_CODE = YES;
				CLANG_WARN__DUPLICATE_METHOD_MATCH = YES;
				"CODE_SIGN_IDENTITY[sdk=iphoneos*]" = "iPhone Developer";
				COPY_PHASE_STRIP = NO;
				ENABLE_STRICT_OBJC_MSGSEND = YES;
				GCC_C_LANGUAGE_STANDARD = gnu99;
				GCC_DYNAMIC_NO_PIC = NO;
				GCC_OPTIMIZATION_LEVEL = 0;
				GCC_PREPROCESSOR_DEFINITIONS = (
					"DEBUG=1",
					"$(inherited)",
				);
				GCC_SYMBOLS_PRIVATE_EXTERN = NO;
				GCC_WARN_64_TO_32_BIT_CONVERSION = YES;
				GCC_WARN_ABOUT_RETURN_TYPE = YES_ERROR;
				GCC_WARN_UNDECLARED_SELECTOR = YES;
				GCC_WARN_UNINITIALIZED_AUTOS = YES_AGGRESSIVE;
				GCC_WARN_UNUSED_FUNCTION = YES;
				GCC_WARN_UNUSED_VARIABLE = YES;
				IPHONEOS_DEPLOYMENT_TARGET = 8.1;
				MTL_ENABLE_DEBUG_INFO = YES;
				ONLY_ACTIVE_ARCH = YES;
				SDKROOT = iphoneos;
				TARGETED_DEVICE_FAMILY = "1,2";
			};
			name = Debug;
		};
		372D0C9A1B04339D00A19E8D /* Release */ = {
			isa = XCBuildConfiguration;
			buildSettings = {
				ALWAYS_SEARCH_USER_PATHS = NO;
				CLANG_CXX_LANGUAGE_STANDARD = "gnu++0x";
				CLANG_CXX_LIBRARY = "libc++";
				CLANG_ENABLE_MODULES = YES;
				CLANG_ENABLE_OBJC_ARC = YES;
				CLANG_WARN_BOOL_CONVERSION = YES;
				CLANG_WARN_CONSTANT_CONVERSION = YES;
				CLANG_WARN_DIRECT_OBJC_ISA_USAGE = YES_ERROR;
				CLANG_WARN_EMPTY_BODY = YES;
				CLANG_WARN_ENUM_CONVERSION = YES;
				CLANG_WARN_INT_CONVERSION = YES;
				CLANG_WARN_OBJC_ROOT_CLASS = YES_ERROR;
				CLANG_WARN_UNREACHABLE_CODE = YES;
				CLANG_WARN__DUPLICATE_METHOD_MATCH = YES;
				"CODE_SIGN_IDENTITY[sdk=iphoneos*]" = "iPhone Developer";
				COPY_PHASE_STRIP = YES;
				ENABLE_NS_ASSERTIONS = NO;
				ENABLE_STRICT_OBJC_MSGSEND = YES;
				GCC_C_LANGUAGE_STANDARD = gnu99;
				GCC_WARN_64_TO_32_BIT_CONVERSION = YES;
				GCC_WARN_ABOUT_RETURN_TYPE = YES_ERROR;
				GCC_WARN_UNDECLARED_SELECTOR = YES;
				GCC_WARN_UNINITIALIZED_AUTOS = YES_AGGRESSIVE;
				GCC_WARN_UNUSED_FUNCTION = YES;
				GCC_WARN_UNUSED_VARIABLE = YES;
				IPHONEOS_DEPLOYMENT_TARGET = 8.1;
				MTL_ENABLE_DEBUG_INFO = NO;
				SDKROOT = iphoneos;
				TARGETED_DEVICE_FAMILY = "1,2";
				VALIDATE_PRODUCT = YES;
			};
			name = Release;
		};
		372D0C9C1B04339D00A19E8D /* Debug */ = {
			isa = XCBuildConfiguration;
			buildSettings = {
				ASSETCATALOG_COMPILER_APPICON_NAME = AppIcon;
				INFOPLIST_FILE = touchIDDemo/Info.plist;
				LD_RUNPATH_SEARCH_PATHS = "$(inherited) @executable_path/Frameworks";
				PRODUCT_NAME = "$(TARGET_NAME)";
			};
			name = Debug;
		};
		372D0C9D1B04339D00A19E8D /* Release */ = {
			isa = XCBuildConfiguration;
			buildSettings = {
				ASSETCATALOG_COMPILER_APPICON_NAME = AppIcon;
				INFOPLIST_FILE = touchIDDemo/Info.plist;
				LD_RUNPATH_SEARCH_PATHS = "$(inherited) @executable_path/Frameworks";
				PRODUCT_NAME = "$(TARGET_NAME)";
			};
			name = Release;
		};
		372D0C9F1B04339D00A19E8D /* Debug */ = {
			isa = XCBuildConfiguration;
			buildSettings = {
				BUNDLE_LOADER = "$(TEST_HOST)";
				FRAMEWORK_SEARCH_PATHS = (
					"$(SDKROOT)/Developer/Library/Frameworks",
					"$(inherited)",
				);
				GCC_PREPROCESSOR_DEFINITIONS = (
					"DEBUG=1",
					"$(inherited)",
				);
				INFOPLIST_FILE = touchIDDemoTests/Info.plist;
				LD_RUNPATH_SEARCH_PATHS = "$(inherited) @executable_path/Frameworks @loader_path/Frameworks";
				PRODUCT_NAME = "$(TARGET_NAME)";
				TEST_HOST = "$(BUILT_PRODUCTS_DIR)/touchIDDemo.app/touchIDDemo";
			};
			name = Debug;
		};
		372D0CA01B04339D00A19E8D /* Release */ = {
			isa = XCBuildConfiguration;
			buildSettings = {
				BUNDLE_LOADER = "$(TEST_HOST)";
				FRAMEWORK_SEARCH_PATHS = (
					"$(SDKROOT)/Developer/Library/Frameworks",
					"$(inherited)",
				);
				INFOPLIST_FILE = touchIDDemoTests/Info.plist;
				LD_RUNPATH_SEARCH_PATHS = "$(inherited) @executable_path/Frameworks @loader_path/Frameworks";
				PRODUCT_NAME = "$(TARGET_NAME)";
				TEST_HOST = "$(BUILT_PRODUCTS_DIR)/touchIDDemo.app/touchIDDemo";
			};
			name = Release;
		};
/* End XCBuildConfiguration section */

/* Begin XCConfigurationList section */
		372D0C731B04339D00A19E8D /* Build configuration list for PBXProject "touchIDDemo" */ = {
			isa = XCConfigurationList;
			buildConfigurations = (
				372D0C991B04339D00A19E8D /* Debug */,
				372D0C9A1B04339D00A19E8D /* Release */,
			);
			defaultConfigurationIsVisible = 0;
			defaultConfigurationName = Release;
		};
		372D0C9B1B04339D00A19E8D /* Build configuration list for PBXNativeTarget "touchIDDemo" */ = {
			isa = XCConfigurationList;
			buildConfigurations = (
				372D0C9C1B04339D00A19E8D /* Debug */,
				372D0C9D1B04339D00A19E8D /* Release */,
			);
			defaultConfigurationIsVisible = 0;
			defaultConfigurationName = Release;
		};
		372D0C9E1B04339D00A19E8D /* Build configuration list for PBXNativeTarget "touchIDDemoTests" */ = {
			isa = XCConfigurationList;
			buildConfigurations = (
				372D0C9F1B04339D00A19E8D /* Debug */,
				372D0CA01B04339D00A19E8D /* Release */,
			);
			defaultConfigurationIsVisible = 0;
			defaultConfigurationName = Release;
		};
/* End XCConfigurationList section */
	};
	rootObject = 372D0C701B04339D00A19E8D /* Project object */;
}
